
Microsoft Visual Studio Solution File, Format Version 12.00
# Visual Studio Version 17
VisualStudioVersion = 17.0.31903.59
MinimumVisualStudioVersion = 10.0.40219.1
Project("{2150E333-8FDC-42A3-9474-1A3956D46DE8}") = "src", "src", "{87140DB4-C51E-4AE2-A49B-51F73723E0F7}"
EndProject
Project("{F2A71F9B-5D33-465A-A702-920D77279786}") = "App", "src\App\App.fsproj", "{0C992EB3-8FFD-43C9-9036-B2081EDEA8D3}"
EndProject
Global
	GlobalSection(SolutionConfigurationPlatforms) = preSolution
		Debug|Any CPU = Debug|Any CPU
		Release|Any CPU = Release|Any CPU
	EndGlobalSection
	GlobalSection(SolutionProperties) = preSolution
		HideSolutionNode = FALSE
	EndGlobalSection
	GlobalSection(ProjectConfigurationPlatforms) = postSolution
		{0C992EB3-8FFD-43C9-9036-B2081EDEA8D3}.Debug|Any CPU.ActiveCfg = Debug|Any CPU
		{0C992EB3-8FFD-43C9-9036-B2081EDEA8D3}.Debug|Any CPU.Build.0 = Debug|Any CPU
		{0C992EB3-8FFD-43C9-9036-B2081EDEA8D3}.Release|Any CPU.ActiveCfg = Release|Any CPU
		{0C992EB3-8FFD-43C9-9036-B2081EDEA8D3}.Release|Any CPU.Build.0 = Release|Any CPU
	EndGlobalSection
	GlobalSection(NestedProjects) = preSolution
		{0C992EB3-8FFD-43C9-9036-B2081EDEA8D3} = {87140DB4-C51E-4AE2-A49B-51F73723E0F7}
	EndGlobalSection
EndGlobal
